
Microsoft Visual Studio Solution File, Format Version 12.00
# Visual Studio Version 17
VisualStudioVersion = 17.5.002.0
MinimumVisualStudioVersion = 10.0.40219.1
Project("{9A19103F-16F7-4668-BE54-9A1E7A4F7556}") = "Livro de Ofertas", "Livro de Ofertas.csproj", "{1A635F6B-27E2-49E7-8B83-3FBD795DA897}"
EndProject
Global
	GlobalSection(SolutionConfigurationPlatforms) = preSolution
		Debug|Any CPU = Debug|Any CPU
		Release|Any CPU = Release|Any CPU
	EndGlobalSection
	GlobalSection(ProjectConfigurationPlatforms) = postSolution
		{1A635F6B-27E2-49E7-8B83-3FBD795DA897}.Debug|Any CPU.ActiveCfg = Debug|Any CPU
		{1A635F6B-27E2-49E7-8B83-3FBD795DA897}.Debug|Any CPU.Build.0 = Debug|Any CPU
		{1A635F6B-27E2-49E7-8B83-3FBD795DA897}.Release|Any CPU.ActiveCfg = Release|Any CPU
		{1A635F6B-27E2-49E7-8B83-3FBD795DA897}.Release|Any CPU.Build.0 = Release|Any CPU
	EndGlobalSection
	GlobalSection(SolutionProperties) = preSolution
		HideSolutionNode = FALSE
	EndGlobalSection
	GlobalSection(ExtensibilityGlobals) = postSolution
		SolutionGuid = {CBC347B4-9067-404F-B563-6D76AA0B1899}
	EndGlobalSection
EndGlobal
